
Microsoft Visual Studio Solution File, Format Version 12.00
# Visual Studio Version 17
VisualStudioVersion = 17.0.31903.59
MinimumVisualStudioVersion = 10.0.40219.1
Project("{FAE04EC0-301F-11D3-BF4B-00C04F79EFBC}") = "Api", "Api\Api.csproj", "{EB8EB66A-4CD7-4FAB-9EFA-C2580E43A97C}"
EndProject
Project("{FAE04EC0-301F-11D3-BF4B-00C04F79EFBC}") = "UI", "UI\UI.csproj", "{F180B7B6-5809-4363-9AD0-4CCF7747521A}"
EndProject
Project("{FAE04EC0-301F-11D3-BF4B-00C04F79EFBC}") = "Shared", "Shared\Shared.csproj", "{6DDEDD2A-D0F9-4212-AF7A-5E4CA68DC367}"
EndProject
Global
	GlobalSection(SolutionConfigurationPlatforms) = preSolution
		Debug|Any CPU = Debug|Any CPU
		Release|Any CPU = Release|Any CPU
	EndGlobalSection
	GlobalSection(SolutionProperties) = preSolution
		HideSolutionNode = FALSE
	EndGlobalSection
	GlobalSection(ProjectConfigurationPlatforms) = postSolution
		{EB8EB66A-4CD7-4FAB-9EFA-C2580E43A97C}.Debug|Any CPU.ActiveCfg = Debug|Any CPU
		{EB8EB66A-4CD7-4FAB-9EFA-C2580E43A97C}.Debug|Any CPU.Build.0 = Debug|Any CPU
		{EB8EB66A-4CD7-4FAB-9EFA-C2580E43A97C}.Release|Any CPU.ActiveCfg = Release|Any CPU
		{EB8EB66A-4CD7-4FAB-9EFA-C2580E43A97C}.Release|Any CPU.Build.0 = Release|Any CPU
		{F180B7B6-5809-4363-9AD0-4CCF7747521A}.Debug|Any CPU.ActiveCfg = Debug|Any CPU
		{F180B7B6-5809-4363-9AD0-4CCF7747521A}.Debug|Any CPU.Build.0 = Debug|Any CPU
		{F180B7B6-5809-4363-9AD0-4CCF7747521A}.Release|Any CPU.ActiveCfg = Release|Any CPU
		{F180B7B6-5809-4363-9AD0-4CCF7747521A}.Release|Any CPU.Build.0 = Release|Any CPU
		{6DDEDD2A-D0F9-4212-AF7A-5E4CA68DC367}.Debug|Any CPU.ActiveCfg = Debug|Any CPU
		{6DDEDD2A-D0F9-4212-AF7A-5E4CA68DC367}.Debug|Any CPU.Build.0 = Debug|Any CPU
		{6DDEDD2A-D0F9-4212-AF7A-5E4CA68DC367}.Release|Any CPU.ActiveCfg = Release|Any CPU
		{6DDEDD2A-D0F9-4212-AF7A-5E4CA68DC367}.Release|Any CPU.Build.0 = Release|Any CPU
		{41F99EB8-378D-4BA5-ADA7-B50FB3D26DEC}.Debug|Any CPU.ActiveCfg = Debug|Any CPU
		{41F99EB8-378D-4BA5-ADA7-B50FB3D26DEC}.Debug|Any CPU.Build.0 = Debug|Any CPU
		{41F99EB8-378D-4BA5-ADA7-B50FB3D26DEC}.Release|Any CPU.ActiveCfg = Release|Any CPU
		{41F99EB8-378D-4BA5-ADA7-B50FB3D26DEC}.Release|Any CPU.Build.0 = Release|Any CPU
	EndGlobalSection
EndGlobal
